// !$*UTF8*$!
{
	archiveVersion = 1;
	classes = {
	};
	objectVersion = 46;
	objects = {

/* Begin PBXBuildFile section */
		5F61B02119C81A4F0035CD99 /* Foundation.framework in Frameworks */ = {isa = PBXBuildFile; fileRef = 5F61B02019C81A4F0035CD99 /* Foundation.framework */; };
		5F61B02519C81A500035CD99 /* UIKit.framework in Frameworks */ = {isa = PBXBuildFile; fileRef = 5F61B02419C81A500035CD99 /* UIKit.framework */; };
		5FA5761F1A58F551000B36ED /* AppDelegate.m in Sources */ = {isa = PBXBuildFile; fileRef = 5FA576111A58F551000B36ED /* AppDelegate.m */; };
		5FA576211A58F551000B36ED /* Images.xcassets in Resources */ = {isa = PBXBuildFile; fileRef = 5FA576141A58F551000B36ED /* Images.xcassets */; };
		5FA576221A58F551000B36ED /* main.m in Sources */ = {isa = PBXBuildFile; fileRef = 5FA576151A58F551000B36ED /* main.m */; };
		5FA576231A58F551000B36ED /* home.png in Resources */ = {isa = PBXBuildFile; fileRef = 5FA576171A58F551000B36ED /* home.png */; };
		5FA576241A58F551000B36ED /* InfoPlist.strings in Resources */ = {isa = PBXBuildFile; fileRef = 5FA576191A58F551000B36ED /* InfoPlist.strings */; };
		5FA576251A58F551000B36ED /* ViewController_iPad.xib in Resources */ = {isa = PBXBuildFile; fileRef = 5FA5761B1A58F551000B36ED /* ViewController_iPad.xib */; };
		5FA576261A58F551000B36ED /* ViewController_iPhone.xib in Resources */ = {isa = PBXBuildFile; fileRef = 5FA5761C1A58F551000B36ED /* ViewController_iPhone.xib */; };
		5FA576311A58FA7C000B36ED /* ViewController.mm in Sources */ = {isa = PBXBuildFile; fileRef = 5FA576301A58FA7C000B36ED /* ViewController.mm */; };
		7267367D76FA8E7AAB43888C /* libPods-demoapp.a in Frameworks */ = {isa = PBXBuildFile; fileRef = CB829B9C99C045EE201397A3 /* libPods-demoapp.a */; };
/* End PBXBuildFile section */

/* Begin PBXFileReference section */
		5F5BBB2019D0189B009A9DCE /* en */ = {isa = PBXFileReference; lastKnownFileType = image.png; name = en; path = en.lproj/home.png; sourceTree = "<group>"; };
		5F61B01D19C81A4F0035CD99 /* demoapp.app */ = {isa = PBXFileReference; explicitFileType = wrapper.application; includeInIndex = 0; path = demoapp.app; sourceTree = BUILT_PRODUCTS_DIR; };
		5F61B02019C81A4F0035CD99 /* Foundation.framework */ = {isa = PBXFileReference; lastKnownFileType = wrapper.framework; name = Foundation.framework; path = System/Library/Frameworks/Foundation.framework; sourceTree = SDKROOT; };
		5F61B02419C81A500035CD99 /* UIKit.framework */ = {isa = PBXFileReference; lastKnownFileType = wrapper.framework; name = UIKit.framework; path = System/Library/Frameworks/UIKit.framework; sourceTree = SDKROOT; };
		5F61B05E19C81D390035CD99 /* en */ = {isa = PBXFileReference; lastKnownFileType = text.plist.strings; name = en; path = en.lproj/InfoPlist.strings; sourceTree = "<group>"; };
		5F61B05F19C81D390035CD99 /* ViewController_iPad.xib */ = {isa = PBXFileReference; fileEncoding = 4; lastKnownFileType = file.xib; path = ViewController_iPad.xib; sourceTree = "<group>"; };
		5F61B06019C81D390035CD99 /* ViewController_iPhone.xib */ = {isa = PBXFileReference; fileEncoding = 4; lastKnownFileType = file.xib; path = ViewController_iPhone.xib; sourceTree = "<group>"; };
		5FA576101A58F551000B36ED /* AppDelegate.h */ = {isa = PBXFileReference; fileEncoding = 4; lastKnownFileType = sourcecode.c.h; path = AppDelegate.h; sourceTree = "<group>"; };
		5FA576111A58F551000B36ED /* AppDelegate.m */ = {isa = PBXFileReference; fileEncoding = 4; lastKnownFileType = sourcecode.c.objc; path = AppDelegate.m; sourceTree = "<group>"; };
		5FA576121A58F551000B36ED /* demoapp-Info.pch */ = {isa = PBXFileReference; fileEncoding = 4; lastKnownFileType = sourcecode.c.h; path = "demoapp-Info.pch"; sourceTree = "<group>"; };
		5FA576131A58F551000B36ED /* demoapp-Info.plist */ = {isa = PBXFileReference; fileEncoding = 4; lastKnownFileType = text.plist.xml; path = "demoapp-Info.plist"; sourceTree = "<group>"; };
		5FA576141A58F551000B36ED /* Images.xcassets */ = {isa = PBXFileReference; lastKnownFileType = folder.assetcatalog; path = Images.xcassets; sourceTree = "<group>"; };
		5FA576151A58F551000B36ED /* main.m */ = {isa = PBXFileReference; fileEncoding = 4; lastKnownFileType = sourcecode.c.objc; path = main.m; sourceTree = "<group>"; };
		5FA576181A58F551000B36ED /* en */ = {isa = PBXFileReference; lastKnownFileType = image.png; name = en; path = en.lproj/home.png; sourceTree = "<group>"; };
		5FA5761A1A58F551000B36ED /* en */ = {isa = PBXFileReference; lastKnownFileType = text.plist.strings; name = en; path = en.lproj/InfoPlist.strings; sourceTree = "<group>"; };
		5FA5761B1A58F551000B36ED /* ViewController_iPad.xib */ = {isa = PBXFileReference; fileEncoding = 4; lastKnownFileType = file.xib; path = ViewController_iPad.xib; sourceTree = "<group>"; };
		5FA5761C1A58F551000B36ED /* ViewController_iPhone.xib */ = {isa = PBXFileReference; fileEncoding = 4; lastKnownFileType = file.xib; path = ViewController_iPhone.xib; sourceTree = "<group>"; };
		5FA5761D1A58F551000B36ED /* ViewController.h */ = {isa = PBXFileReference; fileEncoding = 4; lastKnownFileType = sourcecode.c.h; path = ViewController.h; sourceTree = "<group>"; };
		5FA576301A58FA7C000B36ED /* ViewController.mm */ = {isa = PBXFileReference; fileEncoding = 4; lastKnownFileType = sourcecode.cpp.objcpp; path = ViewController.mm; sourceTree = "<group>"; };
		CB829B9C99C045EE201397A3 /* libPods-demoapp.a */ = {isa = PBXFileReference; explicitFileType = archive.ar; includeInIndex = 0; path = "libPods-demoapp.a"; sourceTree = BUILT_PRODUCTS_DIR; };
		D9845181D37B049E615F7664 /* Pods-demoapp.release.xcconfig */ = {isa = PBXFileReference; includeInIndex = 1; lastKnownFileType = text.xcconfig; name = "Pods-demoapp.release.xcconfig"; path = "Target Support Files/Pods-demoapp/Pods-demoapp.release.xcconfig"; sourceTree = "<group>"; };
		E59C50552D576E3DBAA72F12 /* Pods-demoapp.debug.xcconfig */ = {isa = PBXFileReference; includeInIndex = 1; lastKnownFileType = text.xcconfig; name = "Pods-demoapp.debug.xcconfig"; path = "Target Support Files/Pods-demoapp/Pods-demoapp.debug.xcconfig"; sourceTree = "<group>"; };
/* End PBXFileReference section */

/* Begin PBXFrameworksBuildPhase section */
		5F61B01A19C81A4F0035CD99 /* Frameworks */ = {
			isa = PBXFrameworksBuildPhase;
			buildActionMask = 2147483647;
			files = (
				5F61B02519C81A500035CD99 /* UIKit.framework in Frameworks */,
				5F61B02119C81A4F0035CD99 /* Foundation.framework in Frameworks */,
				7267367D76FA8E7AAB43888C /* libPods-demoapp.a in Frameworks */,
			);
			runOnlyForDeploymentPostprocessing = 0;
		};
/* End PBXFrameworksBuildPhase section */

/* Begin PBXGroup section */
		5F61B01419C81A4F0035CD99 = {
			isa = PBXGroup;
			children = (
				5FA5760F1A58F551000B36ED /* demoapp */,
				5F61B01F19C81A4F0035CD99 /* Frameworks */,
				5F61B05C19C81D390035CD99 /* Resources */,
				5F61B01E19C81A4F0035CD99 /* Products */,
				CA4FDB7F3282F6280264C8FB /* Pods */,
			);
			sourceTree = "<group>";
		};
		5F61B01E19C81A4F0035CD99 /* Products */ = {
			isa = PBXGroup;
			children = (
				5F61B01D19C81A4F0035CD99 /* demoapp.app */,
			);
			name = Products;
			sourceTree = "<group>";
		};
		5F61B01F19C81A4F0035CD99 /* Frameworks */ = {
			isa = PBXGroup;
			children = (
				5F61B02019C81A4F0035CD99 /* Foundation.framework */,
				5F61B02419C81A500035CD99 /* UIKit.framework */,
				CB829B9C99C045EE201397A3 /* libPods-demoapp.a */,
			);
			name = Frameworks;
			sourceTree = "<group>";
		};
		5F61B05C19C81D390035CD99 /* Resources */ = {
			isa = PBXGroup;
			children = (
				5F61B05D19C81D390035CD99 /* InfoPlist.strings */,
				5F61B05F19C81D390035CD99 /* ViewController_iPad.xib */,
				5F61B06019C81D390035CD99 /* ViewController_iPhone.xib */,
				5F5BBB1F19D0189B009A9DCE /* home.png */,
			);
			name = Resources;
			path = demoapp/Resources;
			sourceTree = "<group>";
		};
		5FA5760F1A58F551000B36ED /* demoapp */ = {
			isa = PBXGroup;
			children = (
				5FA576101A58F551000B36ED /* AppDelegate.h */,
				5FA576111A58F551000B36ED /* AppDelegate.m */,
				5FA5761D1A58F551000B36ED /* ViewController.h */,
				5FA576301A58FA7C000B36ED /* ViewController.mm */,
				5FA576121A58F551000B36ED /* demoapp-Info.pch */,
				5FA576131A58F551000B36ED /* demoapp-Info.plist */,
				5FA576141A58F551000B36ED /* Images.xcassets */,
				5FA576151A58F551000B36ED /* main.m */,
				5FA576161A58F551000B36ED /* Resources */,
			);
			path = demoapp;
			sourceTree = "<group>";
		};
		5FA576161A58F551000B36ED /* Resources */ = {
			isa = PBXGroup;
			children = (
				5FA576171A58F551000B36ED /* home.png */,
				5FA576191A58F551000B36ED /* InfoPlist.strings */,
				5FA5761B1A58F551000B36ED /* ViewController_iPad.xib */,
				5FA5761C1A58F551000B36ED /* ViewController_iPhone.xib */,
			);
			path = Resources;
			sourceTree = "<group>";
		};
		CA4FDB7F3282F6280264C8FB /* Pods */ = {
			isa = PBXGroup;
			children = (
				E59C50552D576E3DBAA72F12 /* Pods-demoapp.debug.xcconfig */,
				D9845181D37B049E615F7664 /* Pods-demoapp.release.xcconfig */,
			);
			path = Pods;
			sourceTree = "<group>";
		};
/* End PBXGroup section */

/* Begin PBXNativeTarget section */
		5F61B01C19C81A4F0035CD99 /* demoapp */ = {
			isa = PBXNativeTarget;
			buildConfigurationList = 5F61B04919C81A500035CD99 /* Build configuration list for PBXNativeTarget "demoapp" */;
			buildPhases = (
				0B7EDEFA396153965C531DAB /* [CP] Check Pods Manifest.lock */,
				5F61B01919C81A4F0035CD99 /* Sources */,
				5F61B01A19C81A4F0035CD99 /* Frameworks */,
				5F61B01B19C81A4F0035CD99 /* Resources */,
				AD52E3A9659A1F6A6F10C830 /* [CP] Copy Pods Resources */,
			);
			buildRules = (
			);
			dependencies = (
			);
			name = demoapp;
			productName = demoapp;
			productReference = 5F61B01D19C81A4F0035CD99 /* demoapp.app */;
			productType = "com.apple.product-type.application";
		};
/* End PBXNativeTarget section */

/* Begin PBXProject section */
		5F61B01519C81A4F0035CD99 /* Project object */ = {
			isa = PBXProject;
			attributes = {
				LastUpgradeCheck = 1020;
				ORGANIZATIONNAME = pingplusplus;
			};
			buildConfigurationList = 5F61B01819C81A4F0035CD99 /* Build configuration list for PBXProject "demoapp" */;
			compatibilityVersion = "Xcode 3.2";
			developmentRegion = en;
			hasScannedForEncodings = 0;
			knownRegions = (
				en,
				Base,
			);
			mainGroup = 5F61B01419C81A4F0035CD99;
			productRefGroup = 5F61B01E19C81A4F0035CD99 /* Products */;
			projectDirPath = "";
			projectRoot = "";
			targets = (
				5F61B01C19C81A4F0035CD99 /* demoapp */,
			);
		};
/* End PBXProject section */

/* Begin PBXResourcesBuildPhase section */
		5F61B01B19C81A4F0035CD99 /* Resources */ = {
			isa = PBXResourcesBuildPhase;
			buildActionMask = 2147483647;
			files = (
				5FA576251A58F551000B36ED /* ViewController_iPad.xib in Resources */,
				5FA576211A58F551000B36ED /* Images.xcassets in Resources */,
				5FA576261A58F551000B36ED /* ViewController_iPhone.xib in Resources */,
				5FA576231A58F551000B36ED /* home.png in Resources */,
				5FA576241A58F551000B36ED /* InfoPlist.strings in Resources */,
			);
			runOnlyForDeploymentPostprocessing = 0;
		};
/* End PBXResourcesBuildPhase section */

/* Begin PBXShellScriptBuildPhase section */
		0B7EDEFA396153965C531DAB /* [CP] Check Pods Manifest.lock */ = {
			isa = PBXShellScriptBuildPhase;
			buildActionMask = 2147483647;
			files = (
			);
			inputFileListPaths = (
			);
			inputPaths = (
				"${PODS_PODFILE_DIR_PATH}/Podfile.lock",
				"${PODS_ROOT}/Manifest.lock",
			);
			name = "[CP] Check Pods Manifest.lock";
			outputFileListPaths = (
			);
			outputPaths = (
				"$(DERIVED_FILE_DIR)/Pods-demoapp-checkManifestLockResult.txt",
			);
			runOnlyForDeploymentPostprocessing = 0;
			shellPath = /bin/sh;
			shellScript = "diff \"${PODS_PODFILE_DIR_PATH}/Podfile.lock\" \"${PODS_ROOT}/Manifest.lock\" > /dev/null\nif [ $? != 0 ] ; then\n    # print error to STDERR\n    echo \"error: The sandbox is not in sync with the Podfile.lock. Run 'pod install' or update your CocoaPods installation.\" >&2\n    exit 1\nfi\n# This output is used by Xcode 'outputs' to avoid re-running this script phase.\necho \"SUCCESS\" > \"${SCRIPT_OUTPUT_FILE_0}\"\n";
			showEnvVarsInLog = 0;
		};
		AD52E3A9659A1F6A6F10C830 /* [CP] Copy Pods Resources */ = {
			isa = PBXShellScriptBuildPhase;
			buildActionMask = 2147483647;
			files = (
			);
			inputPaths = (
				"${PODS_ROOT}/Target Support Files/Pods-demoapp/Pods-demoapp-resources.sh",
				"${PODS_ROOT}/Pingpp/lib/Channels/CmbWallet/SecreteKeyBoard",
				"${PODS_ROOT}/Pingpp/lib/Pingpp.bundle",
				"${PODS_ROOT}/PingppAlipaySDK/AlipaySDK.bundle",
				"${PODS_ROOT}/PingppLakalaSDK/depositorySDK.bundle",
			);
			name = "[CP] Copy Pods Resources";
			outputPaths = (
				"${TARGET_BUILD_DIR}/${UNLOCALIZED_RESOURCES_FOLDER_PATH}/SecreteKeyBoard",
				"${TARGET_BUILD_DIR}/${UNLOCALIZED_RESOURCES_FOLDER_PATH}/Pingpp.bundle",
				"${TARGET_BUILD_DIR}/${UNLOCALIZED_RESOURCES_FOLDER_PATH}/AlipaySDK.bundle",
				"${TARGET_BUILD_DIR}/${UNLOCALIZED_RESOURCES_FOLDER_PATH}/depositorySDK.bundle",
			);
			runOnlyForDeploymentPostprocessing = 0;
			shellPath = /bin/sh;
			shellScript = "\"${PODS_ROOT}/Target Support Files/Pods-demoapp/Pods-demoapp-resources.sh\"\n";
			showEnvVarsInLog = 0;
		};
/* End PBXShellScriptBuildPhase section */

/* Begin PBXSourcesBuildPhase section */
		5F61B01919C81A4F0035CD99 /* Sources */ = {
			isa = PBXSourcesBuildPhase;
			buildActionMask = 2147483647;
			files = (
				5FA576221A58F551000B36ED /* main.m in Sources */,
				5FA5761F1A58F551000B36ED /* AppDelegate.m in Sources */,
				5FA576311A58FA7C000B36ED /* ViewController.mm in Sources */,
			);
			runOnlyForDeploymentPostprocessing = 0;
		};
/* End PBXSourcesBuildPhase section */

/* Begin PBXVariantGroup section */
		5F5BBB1F19D0189B009A9DCE /* home.png */ = {
			isa = PBXVariantGroup;
			children = (
				5F5BBB2019D0189B009A9DCE /* en */,
			);
			name = home.png;
			sourceTree = "<group>";
		};
		5F61B05D19C81D390035CD99 /* InfoPlist.strings */ = {
			isa = PBXVariantGroup;
			children = (
				5F61B05E19C81D390035CD99 /* en */,
			);
			name = InfoPlist.strings;
			sourceTree = "<group>";
		};
		5FA576171A58F551000B36ED /* home.png */ = {
			isa = PBXVariantGroup;
			children = (
				5FA576181A58F551000B36ED /* en */,
			);
			name = home.png;
			sourceTree = "<group>";
		};
		5FA576191A58F551000B36ED /* InfoPlist.strings */ = {
			isa = PBXVariantGroup;
			children = (
				5FA5761A1A58F551000B36ED /* en */,
			);
			name = InfoPlist.strings;
			sourceTree = "<group>";
		};
/* End PBXVariantGroup section */

/* Begin XCBuildConfiguration section */
		5F61B04719C81A500035CD99 /* Debug */ = {
			isa = XCBuildConfiguration;
			buildSettings = {
				ALWAYS_SEARCH_USER_PATHS = NO;
				CLANG_CXX_LANGUAGE_STANDARD = "gnu++0x";
				CLANG_ENABLE_MODULES = YES;
				CLANG_ENABLE_OBJC_ARC = NO;
				CLANG_WARN_BLOCK_CAPTURE_AUTORELEASING = YES;
				CLANG_WARN_BOOL_CONVERSION = YES;
				CLANG_WARN_COMMA = YES;
				CLANG_WARN_CONSTANT_CONVERSION = YES;
				CLANG_WARN_DEPRECATED_OBJC_IMPLEMENTATIONS = YES;
				CLANG_WARN_DIRECT_OBJC_ISA_USAGE = YES_ERROR;
				CLANG_WARN_EMPTY_BODY = YES;
				CLANG_WARN_ENUM_CONVERSION = YES;
				CLANG_WARN_INFINITE_RECURSION = YES;
				CLANG_WARN_INT_CONVERSION = YES;
				CLANG_WARN_NON_LITERAL_NULL_CONVERSION = YES;
				CLANG_WARN_OBJC_IMPLICIT_RETAIN_SELF = YES;
				CLANG_WARN_OBJC_LITERAL_CONVERSION = YES;
				CLANG_WARN_OBJC_ROOT_CLASS = YES_ERROR;
				CLANG_WARN_RANGE_LOOP_ANALYSIS = YES;
				CLANG_WARN_STRICT_PROTOTYPES = YES;
				CLANG_WARN_SUSPICIOUS_MOVE = YES;
				CLANG_WARN_UNREACHABLE_CODE = YES;
				CLANG_WARN__DUPLICATE_METHOD_MATCH = YES;
				"CODE_SIGN_IDENTITY[sdk=iphoneos*]" = "iPhone Developer";
				COPY_PHASE_STRIP = NO;
				ENABLE_STRICT_OBJC_MSGSEND = YES;
				ENABLE_TESTABILITY = YES;
				GCC_C_LANGUAGE_STANDARD = gnu99;
				GCC_DYNAMIC_NO_PIC = NO;
				GCC_NO_COMMON_BLOCKS = YES;
				GCC_OPTIMIZATION_LEVEL = 0;
				GCC_PREPROCESSOR_DEFINITIONS = (
					"DEBUG=1",
					"$(inherited)",
				);
				GCC_SYMBOLS_PRIVATE_EXTERN = NO;
				GCC_WARN_64_TO_32_BIT_CONVERSION = YES;
				GCC_WARN_ABOUT_RETURN_TYPE = YES_ERROR;
				GCC_WARN_UNDECLARED_SELECTOR = YES;
				GCC_WARN_UNINITIALIZED_AUTOS = YES_AGGRESSIVE;
				GCC_WARN_UNUSED_FUNCTION = YES;
				GCC_WARN_UNUSED_VARIABLE = YES;
				IPHONEOS_DEPLOYMENT_TARGET = 10.0;
				ONLY_ACTIVE_ARCH = YES;
				SDKROOT = iphoneos;
				TARGETED_DEVICE_FAMILY = "1,2";
			};
			name = Debug;
		};
		5F61B04819C81A500035CD99 /* Release */ = {
			isa = XCBuildConfiguration;
			buildSettings = {
				ALWAYS_SEARCH_USER_PATHS = NO;
				CLANG_CXX_LANGUAGE_STANDARD = "gnu++0x";
				CLANG_ENABLE_MODULES = YES;
				CLANG_ENABLE_OBJC_ARC = NO;
				CLANG_WARN_BLOCK_CAPTURE_AUTORELEASING = YES;
				CLANG_WARN_BOOL_CONVERSION = YES;
				CLANG_WARN_COMMA = YES;
				CLANG_WARN_CONSTANT_CONVERSION = YES;
				CLANG_WARN_DEPRECATED_OBJC_IMPLEMENTATIONS = YES;
				CLANG_WARN_DIRECT_OBJC_ISA_USAGE = YES_ERROR;
				CLANG_WARN_EMPTY_BODY = YES;
				CLANG_WARN_ENUM_CONVERSION = YES;
				CLANG_WARN_INFINITE_RECURSION = YES;
				CLANG_WARN_INT_CONVERSION = YES;
				CLANG_WARN_NON_LITERAL_NULL_CONVERSION = YES;
				CLANG_WARN_OBJC_IMPLICIT_RETAIN_SELF = YES;
				CLANG_WARN_OBJC_LITERAL_CONVERSION = YES;
				CLANG_WARN_OBJC_ROOT_CLASS = YES_ERROR;
				CLANG_WARN_RANGE_LOOP_ANALYSIS = YES;
				CLANG_WARN_STRICT_PROTOTYPES = YES;
				CLANG_WARN_SUSPICIOUS_MOVE = YES;
				CLANG_WARN_UNREACHABLE_CODE = YES;
				CLANG_WARN__DUPLICATE_METHOD_MATCH = YES;
				"CODE_SIGN_IDENTITY[sdk=iphoneos*]" = "iPhone Developer";
				COPY_PHASE_STRIP = YES;
				ENABLE_NS_ASSERTIONS = NO;
				ENABLE_STRICT_OBJC_MSGSEND = YES;
				GCC_C_LANGUAGE_STANDARD = gnu99;
				GCC_NO_COMMON_BLOCKS = YES;
				GCC_WARN_64_TO_32_BIT_CONVERSION = YES;
				GCC_WARN_ABOUT_RETURN_TYPE = YES_ERROR;
				GCC_WARN_UNDECLARED_SELECTOR = YES;
				GCC_WARN_UNINITIALIZED_AUTOS = YES_AGGRESSIVE;
				GCC_WARN_UNUSED_FUNCTION = YES;
				GCC_WARN_UNUSED_VARIABLE = YES;
				IPHONEOS_DEPLOYMENT_TARGET = 10.0;
				SDKROOT = iphoneos;
				TARGETED_DEVICE_FAMILY = "1,2";
				VALIDATE_PRODUCT = YES;
			};
			name = Release;
		};
		5F61B04A19C81A500035CD99 /* Debug */ = {
			isa = XCBuildConfiguration;
			baseConfigurationReference = E59C50552D576E3DBAA72F12 /* Pods-demoapp.debug.xcconfig */;
			buildSettings = {
				ALWAYS_SEARCH_USER_PATHS = NO;
				ASSETCATALOG_COMPILER_APPICON_NAME = AppIcon;
				ASSETCATALOG_COMPILER_LAUNCHIMAGE_NAME = LaunchImage;
				CLANG_CXX_LANGUAGE_STANDARD = "gnu++0x";
				CLANG_CXX_LIBRARY = "libc++";
				CLANG_ENABLE_OBJC_ARC = YES;
				CODE_SIGN_IDENTITY = "iPhone Developer";
				DEVELOPMENT_TEAM = "";
				ENABLE_BITCODE = NO;
				FRAMEWORK_SEARCH_PATHS = (
					"$(inherited)",
					"$(PROJECT_DIR)/../lib/Channels/Alipay",
				);
				GCC_PRECOMPILE_PREFIX_HEADER = YES;
				GCC_PREFIX_HEADER = "demoapp/demoapp-Info.pch";
				INFOPLIST_FILE = "$(SRCROOT)/demoapp/demoapp-Info.plist";
				IPHONEOS_DEPLOYMENT_TARGET = 10.0;
				LIBRARY_SEARCH_PATHS = (
					"$(inherited)",
					"$(PROJECT_DIR)/../lib",
					"$(PROJECT_DIR)/../lib/Channels/Alipay",
					"$(PROJECT_DIR)/../lib/Channels/UnionPay",
					"$(PROJECT_DIR)/../lib/Channels/Yeepay",
					"$(PROJECT_DIR)/../lib/Channels/BfbWap",
					"$(PROJECT_DIR)/../lib/Dependencies/Network",
					"$(PROJECT_DIR)/../lib/Channels/QQWallet",
					"$(PROJECT_DIR)/../lib/Dependencies/WebView",
				);
				OTHER_LDFLAGS = (
					"$(inherited)",
					"-ObjC",
					"-l\"c++\"",
					"-l\"sqlite3\"",
					"-l\"pingpp+yeepay\"",
					"-l\"stdc++\"",
					"-l\"z\"",
					"-framework",
					"\"AddressBook\"",
					"-framework",
					"\"AddressBookUI\"",
					"-framework",
					"\"AlipaySDK\"",
					"-framework",
					"\"AudioToolbox\"",
					"-framework",
					"\"CFNetwork\"",
					"-framework",
					"\"CoreAudio\"",
					"-framework",
					"\"CoreGraphics\"",
					"-framework",
					"\"CoreTelephony\"",
					"-framework",
					"\"ImageIO\"",
					"-framework",
					"\"MapKit\"",
					"-framework",
					"\"MessageUI\"",
					"-framework",
					"\"MobileCoreServices\"",
					"-framework",
					"\"QuartzCore\"",
					"-framework",
					"\"Security\"",
					"-framework",
					"\"SystemConfiguration\"",
					"-framework",
					"\"CoreMotion\"",
				);
				PRODUCT_BUNDLE_IDENTIFIER = com.pingplusplus.demoapp;
				PRODUCT_NAME = demoapp;
				WRAPPER_EXTENSION = app;
			};
			name = Debug;
		};
		5F61B04B19C81A500035CD99 /* Release */ = {
			isa = XCBuildConfiguration;
			baseConfigurationReference = D9845181D37B049E615F7664 /* Pods-demoapp.release.xcconfig */;
			buildSettings = {
				ALWAYS_SEARCH_USER_PATHS = NO;
				ASSETCATALOG_COMPILER_APPICON_NAME = AppIcon;
				ASSETCATALOG_COMPILER_LAUNCHIMAGE_NAME = LaunchImage;
				CLANG_CXX_LANGUAGE_STANDARD = "gnu++0x";
				CLANG_CXX_LIBRARY = "libc++";
				CLANG_ENABLE_OBJC_ARC = YES;
				CODE_SIGN_IDENTITY = "iPhone Developer";
				DEVELOPMENT_TEAM = "";
				ENABLE_BITCODE = NO;
				FRAMEWORK_SEARCH_PATHS = (
					"$(inherited)",
					"$(PROJECT_DIR)/../lib/Channels/Alipay",
				);
				GCC_PRECOMPILE_PREFIX_HEADER = YES;
				GCC_PREFIX_HEADER = "demoapp/demoapp-Info.pch";
				INFOPLIST_FILE = "$(SRCROOT)/demoapp/demoapp-Info.plist";
				IPHONEOS_DEPLOYMENT_TARGET = 10.0;
				LIBRARY_SEARCH_PATHS = (
					"$(inherited)",
					"$(PROJECT_DIR)/../lib",
					"$(PROJECT_DIR)/../lib/Channels/Alipay",
					"$(PROJECT_DIR)/../lib/Channels/UnionPay",
					"$(PROJECT_DIR)/../lib/Channels/Yeepay",
					"$(PROJECT_DIR)/../lib/Channels/BfbWap",
					"$(PROJECT_DIR)/../lib/Dependencies/Network",
					"$(PROJECT_DIR)/../lib/Channels/QQWallet",
					"$(PROJECT_DIR)/../lib/Dependencies/WebView",
				);
				OTHER_LDFLAGS = (
					"$(inherited)",
					"-ObjC",
					"-l\"c++\"",
					"-l\"sqlite3\"",
					"-l\"pingpp+yeepay\"",
					"-l\"stdc++\"",
					"-l\"z\"",
					"-framework",
					"\"AddressBook\"",
					"-framework",
					"\"AddressBookUI\"",
					"-framework",
					"\"AlipaySDK\"",
					"-framework",
					"\"AudioToolbox\"",
					"-framework",
					"\"CFNetwork\"",
					"-framework",
					"\"CoreAudio\"",
					"-framework",
					"\"CoreGraphics\"",
					"-framework",
					"\"CoreTelephony\"",
					"-framework",
					"\"ImageIO\"",
					"-framework",
					"\"MapKit\"",
					"-framework",
					"\"MessageUI\"",
					"-framework",
					"\"MobileCoreServices\"",
					"-framework",
					"\"QuartzCore\"",
					"-framework",
					"\"Security\"",
					"-framework",
					"\"SystemConfiguration\"",
					"-framework",
					"\"CoreMotion\"",
				);
				PRODUCT_BUNDLE_IDENTIFIER = com.pingplusplus.demoapp;
				PRODUCT_NAME = demoapp;
				WRAPPER_EXTENSION = app;
			};
			name = Release;
		};
/* End XCBuildConfiguration section */

/* Begin XCConfigurationList section */
		5F61B01819C81A4F0035CD99 /* Build configuration list for PBXProject "demoapp" */ = {
			isa = XCConfigurationList;
			buildConfigurations = (
				5F61B04719C81A500035CD99 /* Debug */,
				5F61B04819C81A500035CD99 /* Release */,
			);
			defaultConfigurationIsVisible = 0;
			defaultConfigurationName = Release;
		};
		5F61B04919C81A500035CD99 /* Build configuration list for PBXNativeTarget "demoapp" */ = {
			isa = XCConfigurationList;
			buildConfigurations = (
				5F61B04A19C81A500035CD99 /* Debug */,
				5F61B04B19C81A500035CD99 /* Release */,
			);
			defaultConfigurationIsVisible = 0;
			defaultConfigurationName = Release;
		};
/* End XCConfigurationList section */
	};
	rootObject = 5F61B01519C81A4F0035CD99 /* Project object */;
}
